
Microsoft Visual Studio Solution File, Format Version 12.00
# Visual Studio Version 17
VisualStudioVersion = 17.11.35303.130
MinimumVisualStudioVersion = 10.0.40219.1
Project("{FAE04EC0-301F-11D3-BF4B-00C04F79EFBC}") = "ArrayListsExample", "ArrayList\ArrayListsExample.csproj", "{05F74AFE-5D51-4B3A-A888-8487A2527EE3}"
EndProject
Global
	GlobalSection(SolutionConfigurationPlatforms) = preSolution
		Debug|Any CPU = Debug|Any CPU
		Release|Any CPU = Release|Any CPU
	EndGlobalSection
	GlobalSection(ProjectConfigurationPlatforms) = postSolution
		{05F74AFE-5D51-4B3A-A888-8487A2527EE3}.Debug|Any CPU.ActiveCfg = Debug|Any CPU
		{05F74AFE-5D51-4B3A-A888-8487A2527EE3}.Debug|Any CPU.Build.0 = Debug|Any CPU
		{05F74AFE-5D51-4B3A-A888-8487A2527EE3}.Release|Any CPU.ActiveCfg = Release|Any CPU
		{05F74AFE-5D51-4B3A-A888-8487A2527EE3}.Release|Any CPU.Build.0 = Release|Any CPU
	EndGlobalSection
	GlobalSection(SolutionProperties) = preSolution
		HideSolutionNode = FALSE
	EndGlobalSection
	GlobalSection(ExtensibilityGlobals) = postSolution
		SolutionGuid = {995FEADA-354B-45F3-973B-2B00CF295483}
	EndGlobalSection
EndGlobal
