
Microsoft Visual Studio Solution File, Format Version 12.00
# Visual Studio Version 17
VisualStudioVersion = 17.11.35303.130
MinimumVisualStudioVersion = 10.0.40219.1
Project("{FAE04EC0-301F-11D3-BF4B-00C04F79EFBC}") = "StaticConstructor", "StaticConstructor\StaticConstructor.csproj", "{46DAD854-4E92-4877-811D-717134AB90F6}"
EndProject
Global
	GlobalSection(SolutionConfigurationPlatforms) = preSolution
		Debug|Any CPU = Debug|Any CPU
		Release|Any CPU = Release|Any CPU
	EndGlobalSection
	GlobalSection(ProjectConfigurationPlatforms) = postSolution
		{46DAD854-4E92-4877-811D-717134AB90F6}.Debug|Any CPU.ActiveCfg = Debug|Any CPU
		{46DAD854-4E92-4877-811D-717134AB90F6}.Debug|Any CPU.Build.0 = Debug|Any CPU
		{46DAD854-4E92-4877-811D-717134AB90F6}.Release|Any CPU.ActiveCfg = Release|Any CPU
		{46DAD854-4E92-4877-811D-717134AB90F6}.Release|Any CPU.Build.0 = Release|Any CPU
	EndGlobalSection
	GlobalSection(SolutionProperties) = preSolution
		HideSolutionNode = FALSE
	EndGlobalSection
	GlobalSection(ExtensibilityGlobals) = postSolution
		SolutionGuid = {C5FF2346-D1A2-4763-A8A4-039AB05CFAAC}
	EndGlobalSection
EndGlobal
